
Microsoft Visual Studio Solution File, Format Version 12.00
# Visual Studio 15
VisualStudioVersion = 15.0.28307.271
MinimumVisualStudioVersion = 10.0.40219.1
Project("{FAE04EC0-301F-11D3-BF4B-00C04F79EFBC}") = "gitTest", "gitTest\gitTest.csproj", "{EE324ACA-A718-45BC-9C00-C5AEEFF2F2C7}"
EndProject
Global
	GlobalSection(SolutionConfigurationPlatforms) = preSolution
		Debug|Any CPU = Debug|Any CPU
		Release|Any CPU = Release|Any CPU
	EndGlobalSection
	GlobalSection(ProjectConfigurationPlatforms) = postSolution
		{EE324ACA-A718-45BC-9C00-C5AEEFF2F2C7}.Debug|Any CPU.ActiveCfg = Debug|Any CPU
		{EE324ACA-A718-45BC-9C00-C5AEEFF2F2C7}.Debug|Any CPU.Build.0 = Debug|Any CPU
		{EE324ACA-A718-45BC-9C00-C5AEEFF2F2C7}.Release|Any CPU.ActiveCfg = Release|Any CPU
		{EE324ACA-A718-45BC-9C00-C5AEEFF2F2C7}.Release|Any CPU.Build.0 = Release|Any CPU
	EndGlobalSection
	GlobalSection(SolutionProperties) = preSolution
		HideSolutionNode = FALSE
	EndGlobalSection
	GlobalSection(ExtensibilityGlobals) = postSolution
		SolutionGuid = {EAE1FD3C-FD49-45BC-BCB6-41622BC118BB}
	EndGlobalSection
EndGlobal
